# novo.lock — auto-generated by novo pkg, do not edit

[cobs-nv]
source = "registry"
url = "https://registry.novo-lang.org"
req = "^0.1.0"
version = "0.1.1"
hash = "1e5bf7657fe5bbe6597a07968f112b7d8fb1209c08384e4a6324f6a78608cd5e"

[crc-nv]
source = "registry"
url = "https://registry.novo-lang.org"
req = "^0.1.0"
version = "0.1.1"
hash = "ff8684f238b8e9d1e450a11235a78dd9ee93893fb53292e6ceb10a62b0e0e0f9"

[leb128-nv]
source = "registry"
url = "https://registry.novo-lang.org"
req = "^0.1.0,^0.1.1"
version = "0.1.2"
hash = "6d8ae9f77dcdab0c13e2afb36f620813d99fc2df2f96e5d9dbc36ac6f431db03"

[varint-nv]
source = "registry"
url = "https://registry.novo-lang.org"
req = "^0.1.0"
version = "0.1.1"
hash = "ff8de49ff51ddc82d6019dfd5030d49135126c19a86c3cbf1736a02dbed8b6d6"

[zigzag-nv]
source = "registry"
url = "https://registry.novo-lang.org"
req = "^0.1.0"
version = "0.1.1"
hash = "9e4eec98cf4544f8089f109b42c9ce678a900c2b29425aaa33a607bd03984014"
